
Microsoft Visual Studio Solution File, Format Version 12.00
# Visual Studio Version 16
VisualStudioVersion = 16.0.31205.134
MinimumVisualStudioVersion = 10.0.40219.1
Project("{9A19103F-16F7-4668-BE54-9A1E7A4F7556}") = "WebMoodle.Server", "WebMoodle\Server\WebMoodle.Server.csproj", "{7A79024E-8645-4071-AF4A-A70E640A96F8}"
EndProject
Project("{9A19103F-16F7-4668-BE54-9A1E7A4F7556}") = "WebMoodle.Client", "WebMoodle\Client\WebMoodle.Client.csproj", "{08247F57-5459-4914-B012-8E3DED9D1D2B}"
EndProject
Project("{9A19103F-16F7-4668-BE54-9A1E7A4F7556}") = "WebMoodle.Shared", "WebMoodle\Shared\WebMoodle.Shared.csproj", "{90A38CD6-059E-4EE7-8232-790B5A9FD525}"
EndProject
Global
	GlobalSection(SolutionConfigurationPlatforms) = preSolution
		Debug|Any CPU = Debug|Any CPU
		Release|Any CPU = Release|Any CPU
	EndGlobalSection
	GlobalSection(ProjectConfigurationPlatforms) = postSolution
		{7A79024E-8645-4071-AF4A-A70E640A96F8}.Debug|Any CPU.ActiveCfg = Debug|Any CPU
		{7A79024E-8645-4071-AF4A-A70E640A96F8}.Debug|Any CPU.Build.0 = Debug|Any CPU
		{7A79024E-8645-4071-AF4A-A70E640A96F8}.Release|Any CPU.ActiveCfg = Release|Any CPU
		{7A79024E-8645-4071-AF4A-A70E640A96F8}.Release|Any CPU.Build.0 = Release|Any CPU
		{08247F57-5459-4914-B012-8E3DED9D1D2B}.Debug|Any CPU.ActiveCfg = Debug|Any CPU
		{08247F57-5459-4914-B012-8E3DED9D1D2B}.Debug|Any CPU.Build.0 = Debug|Any CPU
		{08247F57-5459-4914-B012-8E3DED9D1D2B}.Release|Any CPU.ActiveCfg = Release|Any CPU
		{08247F57-5459-4914-B012-8E3DED9D1D2B}.Release|Any CPU.Build.0 = Release|Any CPU
		{90A38CD6-059E-4EE7-8232-790B5A9FD525}.Debug|Any CPU.ActiveCfg = Debug|Any CPU
		{90A38CD6-059E-4EE7-8232-790B5A9FD525}.Debug|Any CPU.Build.0 = Debug|Any CPU
		{90A38CD6-059E-4EE7-8232-790B5A9FD525}.Release|Any CPU.ActiveCfg = Release|Any CPU
		{90A38CD6-059E-4EE7-8232-790B5A9FD525}.Release|Any CPU.Build.0 = Release|Any CPU
	EndGlobalSection
	GlobalSection(SolutionProperties) = preSolution
		HideSolutionNode = FALSE
	EndGlobalSection
	GlobalSection(ExtensibilityGlobals) = postSolution
		SolutionGuid = {6698ACA8-A225-4754-A697-424FFCC44DA5}
	EndGlobalSection
EndGlobal
